
Microsoft Visual Studio Solution File, Format Version 12.00
# Visual Studio Version 17
VisualStudioVersion = 17.4.33213.308
MinimumVisualStudioVersion = 10.0.40219.1
Project("{9A19103F-16F7-4668-BE54-9A1E7A4F7556}") = "Catacombs", "RoR2_Catacombs\Catacombs.csproj", "{CC172205-CC08-4DC0-AF6C-0B4DF4E19487}"
EndProject
Global
	GlobalSection(SolutionConfigurationPlatforms) = preSolution
		Debug|Any CPU = Debug|Any CPU
		Release|Any CPU = Release|Any CPU
	EndGlobalSection
	GlobalSection(ProjectConfigurationPlatforms) = postSolution
		{CC172205-CC08-4DC0-AF6C-0B4DF4E19487}.Debug|Any CPU.ActiveCfg = Debug|Any CPU
		{CC172205-CC08-4DC0-AF6C-0B4DF4E19487}.Debug|Any CPU.Build.0 = Debug|Any CPU
		{CC172205-CC08-4DC0-AF6C-0B4DF4E19487}.Release|Any CPU.ActiveCfg = Release|Any CPU
		{CC172205-CC08-4DC0-AF6C-0B4DF4E19487}.Release|Any CPU.Build.0 = Release|Any CPU
	EndGlobalSection
	GlobalSection(SolutionProperties) = preSolution
		HideSolutionNode = FALSE
	EndGlobalSection
	GlobalSection(ExtensibilityGlobals) = postSolution
		SolutionGuid = {2206B110-8EFC-4F12-B504-452B4338E011}
	EndGlobalSection
EndGlobal
